# This file is automatically @generated by Cargo.
# It is not intended for manual editing.
[[package]]
name = "addr2line"
version = "0.14.1"
source = "registry+https://github.com/rust-lang/crates.io-index"
checksum = "a55f82cfe485775d02112886f4169bde0c5894d75e79ead7eafe7e40a25e45f7"
dependencies = [
 "gimli",
]

[[package]]
name = "adler"
version = "1.0.2"
source = "registry+https://github.com/rust-lang/crates.io-index"
checksum = "f26201604c87b1e01bd3d98f8d5d9a8fcbb815e8cedb41ffccbeb4bf593a35fe"

[[package]]
name = "autocfg"
version = "1.0.1"
source = "registry+https://github.com/rust-lang/crates.io-index"
checksum = "cdb031dd78e28731d87d56cc8ffef4a8f36ca26c38fe2de700543e627f8a464a"

[[package]]
name = "backtrace"
version = "0.3.56"
source = "registry+https://github.com/rust-lang/crates.io-index"
checksum = "9d117600f438b1707d4e4ae15d3595657288f8235a0eb593e80ecc98ab34e1bc"
dependencies = [
 "addr2line",
 "cfg-if",
 "libc",
 "miniz_oxide",
 "object",
 "rustc-demangle",
]

[[package]]
name = "bincode"
version = "1.3.3"
source = "registry+https://github.com/rust-lang/crates.io-index"
checksum = "b1f45e9417d87227c7a56d22e471c6206462cba514c7590c09aff4cf6d1ddcad"
dependencies = [
 "serde",
]

[[package]]
name = "bitflags"
version = "1.2.1"
source = "registry+https://github.com/rust-lang/crates.io-index"
checksum = "cf1de2fe8c75bc145a2f577add951f8134889b4795d47466a54a5c846d691693"

[[package]]
name = "byteorder"
version = "1.4.2"
source = "registry+https://github.com/rust-lang/crates.io-index"
checksum = "ae44d1a3d5a19df61dd0c8beb138458ac2a53a7ac09eba97d55592540004306b"

[[package]]
name = "cfg-if"
version = "1.0.0"
source = "registry+https://github.com/rust-lang/crates.io-index"
checksum = "baf1de4339761588bc0619e3cbc0120ee582ebb74b53b4efbf79117bd2da40fd"

[[package]]
name = "crunchy"
version = "0.2.2"
source = "registry+https://github.com/rust-lang/crates.io-index"
checksum = "7a81dae078cea95a014a339291cec439d2f232ebe854a9d672b796c6afafa9b7"

[[package]]
name = "doc-comment"
version = "0.3.3"
source = "registry+https://github.com/rust-lang/crates.io-index"
checksum = "fea41bba32d969b513997752735605054bc0dfa92b4c56bf1189f2e174be7a10"

[[package]]
name = "failure"
version = "0.1.8"
source = "registry+https://github.com/rust-lang/crates.io-index"
checksum = "d32e9bd16cc02eae7db7ef620b392808b89f6a5e16bb3497d159c6b92a0f4f86"
dependencies = [
 "backtrace",
 "failure_derive",
]

[[package]]
name = "failure_derive"
version = "0.1.8"
source = "registry+https://github.com/rust-lang/crates.io-index"
checksum = "aa4da3c766cd7a0db8242e326e9e4e081edd567072893ed320008189715366a4"
dependencies = [
 "proc-macro2",
 "quote",
 "syn",
 "synstructure",
]

[[package]]
name = "ff"
version = "0.6.0"
source = "registry+https://github.com/rust-lang/crates.io-index"
checksum = "c4b967a3ee6ae993f0094174257d404a5818f58be79d67a1aea1ec8996d28906"
dependencies = [
 "byteorder",
 "ff_derive",
 "rand_core",
]

[[package]]
name = "ff_derive"
version = "0.6.0"
source = "registry+https://github.com/rust-lang/crates.io-index"
checksum = "a3776aaf60a45037a9c3cabdd8542b38693acaa3e241ff957181b72579d29feb"
dependencies = [
 "num-bigint",
 "num-integer",
 "num-traits",
 "proc-macro2",
 "quote",
 "syn",
]

[[package]]
name = "futures-channel"
version = "0.3.13"
source = "registry+https://github.com/rust-lang/crates.io-index"
checksum = "8c2dd2df839b57db9ab69c2c9d8f3e8c81984781937fe2807dc6dcf3b2ad2939"
dependencies = [
 "futures-core",
]

[[package]]
name = "futures-core"
version = "0.3.13"
source = "registry+https://github.com/rust-lang/crates.io-index"
checksum = "15496a72fabf0e62bdc3df11a59a3787429221dd0710ba8ef163d6f7a9112c94"

[[package]]
name = "getrandom"
version = "0.1.16"
source = "registry+https://github.com/rust-lang/crates.io-index"
checksum = "8fc3cb4d91f53b50155bdcfd23f6a4c39ae1969c2ae85982b135750cccaf5fce"
dependencies = [
 "cfg-if",
 "libc",
 "wasi",
]

[[package]]
name = "gimli"
version = "0.23.0"
source = "registry+https://github.com/rust-lang/crates.io-index"
checksum = "f6503fe142514ca4799d4c26297c4248239fe8838d827db6bd6065c6ed29a6ce"

[[package]]
name = "group"
version = "0.6.0"
source = "registry+https://github.com/rust-lang/crates.io-index"
checksum = "f15be54742789e36f03307c8fdf0621201e1345e94f1387282024178b5e9ec8c"
dependencies = [
 "ff",
 "rand",
 "rand_xorshift",
]

[[package]]
name = "hex_fmt"
version = "0.3.0"
source = "registry+https://github.com/rust-lang/crates.io-index"
checksum = "b07f60793ff0a4d9cef0f18e63b5357e06209987153a64648c972c1e5aff336f"

[[package]]
name = "hotstuff"
version = "0.0.0"
dependencies = [
 "bincode",
 "futures-channel",
 "parking_lot",
 "serde",
 "snafu",
 "threshold_crypto",
]

[[package]]
name = "instant"
version = "0.1.9"
source = "registry+https://github.com/rust-lang/crates.io-index"
checksum = "61124eeebbd69b8190558df225adf7e4caafce0d743919e5d6b19652314ec5ec"
dependencies = [
 "cfg-if",
]

[[package]]
name = "libc"
version = "0.2.87"
source = "registry+https://github.com/rust-lang/crates.io-index"
checksum = "265d751d31d6780a3f956bb5b8022feba2d94eeee5a84ba64f4212eedca42213"

[[package]]
name = "lock_api"
version = "0.4.3"
source = "registry+https://github.com/rust-lang/crates.io-index"
checksum = "5a3c91c24eae6777794bb1997ad98bbb87daf92890acab859f7eaa4320333176"
dependencies = [
 "scopeguard",
 "serde",
]

[[package]]
name = "log"
version = "0.4.14"
source = "registry+https://github.com/rust-lang/crates.io-index"
checksum = "51b9bbe6c47d51fc3e1a9b945965946b4c44142ab8792c50835a980d362c2710"
dependencies = [
 "cfg-if",
]

[[package]]
name = "miniz_oxide"
version = "0.4.4"
source = "registry+https://github.com/rust-lang/crates.io-index"
checksum = "a92518e98c078586bc6c934028adcca4c92a53d6a958196de835170a01d84e4b"
dependencies = [
 "adler",
 "autocfg",
]

[[package]]
name = "num-bigint"
version = "0.2.6"
source = "registry+https://github.com/rust-lang/crates.io-index"
checksum = "090c7f9998ee0ff65aa5b723e4009f7b217707f1fb5ea551329cc4d6231fb304"
dependencies = [
 "autocfg",
 "num-integer",
 "num-traits",
]

[[package]]
name = "num-integer"
version = "0.1.44"
source = "registry+https://github.com/rust-lang/crates.io-index"
checksum = "d2cc698a63b549a70bc047073d2949cce27cd1c7b0a4a862d08a8031bc2801db"
dependencies = [
 "autocfg",
 "num-traits",
]

[[package]]
name = "num-traits"
version = "0.2.14"
source = "registry+https://github.com/rust-lang/crates.io-index"
checksum = "9a64b1ec5cda2586e284722486d802acf1f7dbdc623e2bfc57e65ca1cd099290"
dependencies = [
 "autocfg",
]

[[package]]
name = "object"
version = "0.23.0"
source = "registry+https://github.com/rust-lang/crates.io-index"
checksum = "a9a7ab5d64814df0fe4a4b5ead45ed6c5f181ee3ff04ba344313a6c80446c5d4"

[[package]]
name = "pairing"
version = "0.16.0"
source = "registry+https://github.com/rust-lang/crates.io-index"
checksum = "b8290dea210a712682cd65031dc2b34fd132cf2729def3df7ee08f0737ff5ed6"
dependencies = [
 "byteorder",
 "ff",
 "group",
 "rand_core",
]

[[package]]
name = "parking_lot"
version = "0.11.1"
source = "registry+https://github.com/rust-lang/crates.io-index"
checksum = "6d7744ac029df22dca6284efe4e898991d28e3085c706c972bcd7da4a27a15eb"
dependencies = [
 "instant",
 "lock_api",
 "parking_lot_core",
]

[[package]]
name = "parking_lot_core"
version = "0.8.3"
source = "registry+https://github.com/rust-lang/crates.io-index"
checksum = "fa7a782938e745763fe6907fc6ba86946d72f49fe7e21de074e08128a99fb018"
dependencies = [
 "cfg-if",
 "instant",
 "libc",
 "redox_syscall",
 "smallvec",
 "winapi",
]

[[package]]
name = "ppv-lite86"
version = "0.2.10"
source = "registry+https://github.com/rust-lang/crates.io-index"
checksum = "ac74c624d6b2d21f425f752262f42188365d7b8ff1aff74c82e45136510a4857"

[[package]]
name = "proc-macro2"
version = "1.0.24"
source = "registry+https://github.com/rust-lang/crates.io-index"
checksum = "1e0704ee1a7e00d7bb417d0770ea303c1bccbabf0ef1667dae92b5967f5f8a71"
dependencies = [
 "unicode-xid",
]

[[package]]
name = "quote"
version = "1.0.9"
source = "registry+https://github.com/rust-lang/crates.io-index"
checksum = "c3d0b9745dc2debf507c8422de05d7226cc1f0644216dfdfead988f9b1ab32a7"
dependencies = [
 "proc-macro2",
]

[[package]]
name = "rand"
version = "0.7.3"
source = "registry+https://github.com/rust-lang/crates.io-index"
checksum = "6a6b1679d49b24bbfe0c803429aa1874472f50d9b363131f0e89fc356b544d03"
dependencies = [
 "getrandom",
 "libc",
 "rand_chacha",
 "rand_core",
 "rand_hc",
]

[[package]]
name = "rand_chacha"
version = "0.2.2"
source = "registry+https://github.com/rust-lang/crates.io-index"
checksum = "f4c8ed856279c9737206bf725bf36935d8666ead7aa69b52be55af369d193402"
dependencies = [
 "ppv-lite86",
 "rand_core",
]

[[package]]
name = "rand_core"
version = "0.5.1"
source = "registry+https://github.com/rust-lang/crates.io-index"
checksum = "90bde5296fc891b0cef12a6d03ddccc162ce7b2aff54160af9338f8d40df6d19"
dependencies = [
 "getrandom",
]

[[package]]
name = "rand_hc"
version = "0.2.0"
source = "registry+https://github.com/rust-lang/crates.io-index"
checksum = "ca3129af7b92a17112d59ad498c6f81eaf463253766b90396d39ea7a39d6613c"
dependencies = [
 "rand_core",
]

[[package]]
name = "rand_xorshift"
version = "0.2.0"
source = "registry+https://github.com/rust-lang/crates.io-index"
checksum = "77d416b86801d23dde1aa643023b775c3a462efc0ed96443add11546cdf1dca8"
dependencies = [
 "rand_core",
]

[[package]]
name = "redox_syscall"
version = "0.2.6"
source = "registry+https://github.com/rust-lang/crates.io-index"
checksum = "8270314b5ccceb518e7e578952f0b72b88222d02e8f77f5ecf7abbb673539041"
dependencies = [
 "bitflags",
]

[[package]]
name = "rustc-demangle"
version = "0.1.18"
source = "registry+https://github.com/rust-lang/crates.io-index"
checksum = "6e3bad0ee36814ca07d7968269dd4b7ec89ec2da10c4bb613928d3077083c232"

[[package]]
name = "scopeguard"
version = "1.1.0"
source = "registry+https://github.com/rust-lang/crates.io-index"
checksum = "d29ab0c6d3fc0ee92fe66e2d99f700eab17a8d57d1c1d3b748380fb20baa78cd"

[[package]]
name = "serde"
version = "1.0.123"
source = "registry+https://github.com/rust-lang/crates.io-index"
checksum = "92d5161132722baa40d802cc70b15262b98258453e85e5d1d365c757c73869ae"
dependencies = [
 "serde_derive",
]

[[package]]
name = "serde_derive"
version = "1.0.123"
source = "registry+https://github.com/rust-lang/crates.io-index"
checksum = "9391c295d64fc0abb2c556bad848f33cb8296276b1ad2677d1ae1ace4f258f31"
dependencies = [
 "proc-macro2",
 "quote",
 "syn",
]

[[package]]
name = "smallvec"
version = "1.6.1"
source = "registry+https://github.com/rust-lang/crates.io-index"
checksum = "fe0f37c9e8f3c5a4a66ad655a93c74daac4ad00c441533bf5c6e7990bb42604e"

[[package]]
name = "snafu"
version = "0.6.10"
source = "registry+https://github.com/rust-lang/crates.io-index"
checksum = "eab12d3c261b2308b0d80c26fffb58d17eba81a4be97890101f416b478c79ca7"
dependencies = [
 "backtrace",
 "doc-comment",
 "snafu-derive",
]

[[package]]
name = "snafu-derive"
version = "0.6.10"
source = "registry+https://github.com/rust-lang/crates.io-index"
checksum = "1508efa03c362e23817f96cde18abed596a25219a8b2c66e8db33c03543d315b"
dependencies = [
 "proc-macro2",
 "quote",
 "syn",
]

[[package]]
name = "syn"
version = "1.0.60"
source = "registry+https://github.com/rust-lang/crates.io-index"
checksum = "c700597eca8a5a762beb35753ef6b94df201c81cca676604f547495a0d7f0081"
dependencies = [
 "proc-macro2",
 "quote",
 "unicode-xid",
]

[[package]]
name = "synstructure"
version = "0.12.4"
source = "registry+https://github.com/rust-lang/crates.io-index"
checksum = "b834f2d66f734cb897113e34aaff2f1ab4719ca946f9a7358dba8f8064148701"
dependencies = [
 "proc-macro2",
 "quote",
 "syn",
 "unicode-xid",
]

[[package]]
name = "threshold_crypto"
version = "0.4.0"
source = "registry+https://github.com/rust-lang/crates.io-index"
checksum = "7f708705bce37e765c37a95a8e0221a327c880d5a5a148d522552e8daa85787a"
dependencies = [
 "byteorder",
 "failure",
 "ff",
 "group",
 "hex_fmt",
 "log",
 "pairing",
 "rand",
 "rand_chacha",
 "serde",
 "tiny-keccak",
 "zeroize",
]

[[package]]
name = "tiny-keccak"
version = "2.0.2"
source = "registry+https://github.com/rust-lang/crates.io-index"
checksum = "2c9d3793400a45f954c52e73d068316d76b6f4e36977e3fcebb13a2721e80237"
dependencies = [
 "crunchy",
]

[[package]]
name = "unicode-xid"
version = "0.2.1"
source = "registry+https://github.com/rust-lang/crates.io-index"
checksum = "f7fe0bb3479651439c9112f72b6c505038574c9fbb575ed1bf3b797fa39dd564"

[[package]]
name = "wasi"
version = "0.9.0+wasi-snapshot-preview1"
source = "registry+https://github.com/rust-lang/crates.io-index"
checksum = "cccddf32554fecc6acb585f82a32a72e28b48f8c4c1883ddfeeeaa96f7d8e519"

[[package]]
name = "winapi"
version = "0.3.9"
source = "registry+https://github.com/rust-lang/crates.io-index"
checksum = "5c839a674fcd7a98952e593242ea400abe93992746761e38641405d28b00f419"
dependencies = [
 "winapi-i686-pc-windows-gnu",
 "winapi-x86_64-pc-windows-gnu",
]

[[package]]
name = "winapi-i686-pc-windows-gnu"
version = "0.4.0"
source = "registry+https://github.com/rust-lang/crates.io-index"
checksum = "ac3b87c63620426dd9b991e5ce0329eff545bccbbb34f3be09ff6fb6ab51b7b6"

[[package]]
name = "winapi-x86_64-pc-windows-gnu"
version = "0.4.0"
source = "registry+https://github.com/rust-lang/crates.io-index"
checksum = "712e227841d057c1ee1cd2fb22fa7e5a5461ae8e48fa2ca79ec42cfc1931183f"

[[package]]
name = "zeroize"
version = "1.2.0"
source = "registry+https://github.com/rust-lang/crates.io-index"
checksum = "81a974bcdd357f0dca4d41677db03436324d45a4c9ed2d0b873a5a360ce41c36"
