{
  "nodes": {
    "cargo-careful": {
      "flake": false,
      "locked": {
        "lastModified": 1683367126,
        "narHash": "sha256-BW1Q54DlEAle4iVUXvKdz5PRhdWe736K7yo/KRKAUys=",
        "owner": "RalfJung",
        "repo": "cargo-careful",
        "rev": "eb0744650fad751f6c452bf5cba6bf0ba6164433",
        "type": "github"
      },
      "original": {
        "owner": "RalfJung",
        "repo": "cargo-careful",
        "type": "github"
      }
    },
    "crate2nix": {
      "flake": false,
      "locked": {
        "lastModified": 1636361151,
        "narHash": "sha256-PCyoPHYRG4gtgfBuk+N6qcPbc8EvooLBQ4tfeQjrjx0=",
        "owner": "balsoft",
        "repo": "crate2nix",
        "rev": "08c87b1883cfc554a506cdfcbaa487b189cbbd22",
        "type": "github"
      },
      "original": {
        "owner": "balsoft",
        "ref": "balsoft/fix-broken-ifd",
        "repo": "crate2nix",
        "type": "github"
      }
    },
    "fenix": {
      "inputs": {
        "nixpkgs": [
          "nixpkgs"
        ],
        "rust-analyzer-src": "rust-analyzer-src"
      },
      "locked": {
        "lastModified": 1685168399,
        "narHash": "sha256-QQJtv8THeKLtUtPdpqg2d638+c8yXKcwPmKx42oFqJ0=",
        "owner": "nix-community",
        "repo": "fenix",
        "rev": "cd56ae0389d59084fad87be375bc480e3874cade",
        "type": "github"
      },
      "original": {
        "owner": "nix-community",
        "repo": "fenix",
        "type": "github"
      }
    },
    "flake-compat": {
      "flake": false,
      "locked": {
        "lastModified": 1673956053,
        "narHash": "sha256-4gtG9iQuiKITOjNQQeQIpoIB6b16fm+504Ch3sNKLd8=",
        "owner": "edolstra",
        "repo": "flake-compat",
        "rev": "35bb57c0c8d8b62bbfd284272c928ceb64ddbde9",
        "type": "github"
      },
      "original": {
        "owner": "edolstra",
        "repo": "flake-compat",
        "type": "github"
      }
    },
    "nixpkgs": {
      "locked": {
        "lastModified": 1685012353,
        "narHash": "sha256-U3oOge4cHnav8OLGdRVhL45xoRj4Ppd+It6nPC9nNIU=",
        "owner": "NixOS",
        "repo": "nixpkgs",
        "rev": "aeb75dba965e790de427b73315d5addf91a54955",
        "type": "github"
      },
      "original": {
        "owner": "NixOS",
        "ref": "nixpkgs-unstable",
        "repo": "nixpkgs",
        "type": "github"
      }
    },
    "root": {
      "inputs": {
        "cargo-careful": "cargo-careful",
        "crate2nix": "crate2nix",
        "fenix": "fenix",
        "flake-compat": "flake-compat",
        "nixpkgs": "nixpkgs",
        "utils": "utils"
      }
    },
    "rust-analyzer-src": {
      "flake": false,
      "locked": {
        "lastModified": 1685134880,
        "narHash": "sha256-YDhfh7PVYdTJSBTKRR+Hc3ViZqDjMrYvwUt7ksPWJIo=",
        "owner": "rust-lang",
        "repo": "rust-analyzer",
        "rev": "1b5523a8cdc46dfdc5170203cf6bc4e65f4515f6",
        "type": "github"
      },
      "original": {
        "owner": "rust-lang",
        "ref": "nightly",
        "repo": "rust-analyzer",
        "type": "github"
      }
    },
    "systems": {
      "locked": {
        "lastModified": 1681028828,
        "narHash": "sha256-Vy1rq5AaRuLzOxct8nz4T6wlgyUR7zLU309k9mBC768=",
        "owner": "nix-systems",
        "repo": "default",
        "rev": "da67096a3b9bf56a91d16901293e51ba5b49a27e",
        "type": "github"
      },
      "original": {
        "owner": "nix-systems",
        "repo": "default",
        "type": "github"
      }
    },
    "utils": {
      "inputs": {
        "systems": "systems"
      },
      "locked": {
        "lastModified": 1681202837,
        "narHash": "sha256-H+Rh19JDwRtpVPAWp64F+rlEtxUWBAQW28eAi3SRSzg=",
        "owner": "numtide",
        "repo": "flake-utils",
        "rev": "cfacdce06f30d2b68473a46042957675eebb3401",
        "type": "github"
      },
      "original": {
        "owner": "numtide",
        "repo": "flake-utils",
        "type": "github"
      }
    }
  },
  "root": "root",
  "version": 7
}
