{
  "nodes": {
    "crate2nix": {
      "flake": false,
      "locked": {
        "lastModified": 1636316693,
        "narHash": "sha256-WAxxfqPcFY2SFkgbUMnxMAIj3WbFf7Kw3622rYcz22I=",
        "owner": "kolloch",
        "repo": "crate2nix",
        "rev": "d0c00673bafbaa648e84fb7595a0e4cd84c3b18a",
        "type": "github"
      },
      "original": {
        "owner": "kolloch",
        "repo": "crate2nix",
        "type": "github"
      }
    },
    "fenix": {
      "inputs": {
        "nixpkgs": [
          "nixpkgs"
        ],
        "rust-analyzer-src": "rust-analyzer-src"
      },
      "locked": {
        "lastModified": 1638253217,
        "narHash": "sha256-JURXPdXhClQNaZUBiZh+fFlqU7j1aoVaVeBah0sOdnk=",
        "owner": "nix-community",
        "repo": "fenix",
        "rev": "27d0917f0aee1b9e4fb743afe5aa832bc6f69ef7",
        "type": "github"
      },
      "original": {
        "owner": "nix-community",
        "repo": "fenix",
        "type": "github"
      }
    },
    "flake-compat": {
      "flake": false,
      "locked": {
        "lastModified": 1627913399,
        "narHash": "sha256-hY8g6H2KFL8ownSiFeMOjwPC8P0ueXpCVEbxgda3pko=",
        "owner": "edolstra",
        "repo": "flake-compat",
        "rev": "12c64ca55c1014cdc1b16ed5a804aa8576601ff2",
        "type": "github"
      },
      "original": {
        "owner": "edolstra",
        "repo": "flake-compat",
        "type": "github"
      }
    },
    "nixpkgs": {
      "locked": {
        "lastModified": 1638189734,
        "narHash": "sha256-Vks5UgpFqbrSNi3RXaozVWAVEfueplN2WBPs2bRajHA=",
        "owner": "NixOS",
        "repo": "nixpkgs",
        "rev": "f366af7a1b3891d9370091ab03150d3a6ee138fa",
        "type": "github"
      },
      "original": {
        "owner": "NixOS",
        "ref": "nixpkgs-unstable",
        "repo": "nixpkgs",
        "type": "github"
      }
    },
    "root": {
      "inputs": {
        "crate2nix": "crate2nix",
        "fenix": "fenix",
        "flake-compat": "flake-compat",
        "nixpkgs": "nixpkgs",
        "utils": "utils"
      }
    },
    "rust-analyzer-src": {
      "flake": false,
      "locked": {
        "lastModified": 1638223384,
        "narHash": "sha256-fa1JCHbx7Oge0eAPOVoHJkUSzueXNh21AdUZbvh6RAI=",
        "owner": "rust-analyzer",
        "repo": "rust-analyzer",
        "rev": "e217632b9819876cd59f4f6f963d04b0637bd8d2",
        "type": "github"
      },
      "original": {
        "owner": "rust-analyzer",
        "ref": "nightly",
        "repo": "rust-analyzer",
        "type": "github"
      }
    },
    "utils": {
      "locked": {
        "lastModified": 1638122382,
        "narHash": "sha256-sQzZzAbvKEqN9s0bzWuYmRaA03v40gaJ4+iL1LXjaeI=",
        "owner": "numtide",
        "repo": "flake-utils",
        "rev": "74f7e4319258e287b0f9cb95426c9853b282730b",
        "type": "github"
      },
      "original": {
        "owner": "numtide",
        "repo": "flake-utils",
        "type": "github"
      }
    }
  },
  "root": "root",
  "version": 7
}
