{
  "nodes": {
    "cargo-careful": {
      "flake": false,
      "locked": {
        "lastModified": 1675544408,
        "narHash": "sha256-I376fJmYstC15H26QGVJqkisnUBn1nvLtos/oHkFivM=",
        "owner": "RalfJung",
        "repo": "cargo-careful",
        "rev": "781be8c613fa32f2c88a86fb45034e3ab548d6ae",
        "type": "github"
      },
      "original": {
        "owner": "RalfJung",
        "repo": "cargo-careful",
        "type": "github"
      }
    },
    "crate2nix": {
      "flake": false,
      "locked": {
        "lastModified": 1636361151,
        "narHash": "sha256-PCyoPHYRG4gtgfBuk+N6qcPbc8EvooLBQ4tfeQjrjx0=",
        "owner": "balsoft",
        "repo": "crate2nix",
        "rev": "08c87b1883cfc554a506cdfcbaa487b189cbbd22",
        "type": "github"
      },
      "original": {
        "owner": "balsoft",
        "ref": "balsoft/fix-broken-ifd",
        "repo": "crate2nix",
        "type": "github"
      }
    },
    "fenix": {
      "inputs": {
        "nixpkgs": [
          "nixpkgs"
        ],
        "rust-analyzer-src": "rust-analyzer-src"
      },
      "locked": {
        "lastModified": 1680934821,
        "narHash": "sha256-QoeIjnhIPI1AcOQhaY+gjzmBDQOlUpRoV7O7idCOUCs=",
        "owner": "nix-community",
        "repo": "fenix",
        "rev": "67e853b14e1fc9ed7a5a4bff9622e91542af43ea",
        "type": "github"
      },
      "original": {
        "owner": "nix-community",
        "repo": "fenix",
        "type": "github"
      }
    },
    "flake-compat": {
      "flake": false,
      "locked": {
        "lastModified": 1673956053,
        "narHash": "sha256-4gtG9iQuiKITOjNQQeQIpoIB6b16fm+504Ch3sNKLd8=",
        "owner": "edolstra",
        "repo": "flake-compat",
        "rev": "35bb57c0c8d8b62bbfd284272c928ceb64ddbde9",
        "type": "github"
      },
      "original": {
        "owner": "edolstra",
        "repo": "flake-compat",
        "type": "github"
      }
    },
    "nixpkgs": {
      "locked": {
        "lastModified": 1680942619,
        "narHash": "sha256-kpCW1IegAZfEjCVJW7IPN/hEtRL/9dxaFFYiHS5qVAk=",
        "owner": "NixOS",
        "repo": "nixpkgs",
        "rev": "6f95dd4fd050daf017cae2dfeb1cea1ec0e4c1a1",
        "type": "github"
      },
      "original": {
        "owner": "NixOS",
        "ref": "nixpkgs-unstable",
        "repo": "nixpkgs",
        "type": "github"
      }
    },
    "root": {
      "inputs": {
        "cargo-careful": "cargo-careful",
        "crate2nix": "crate2nix",
        "fenix": "fenix",
        "flake-compat": "flake-compat",
        "nixpkgs": "nixpkgs",
        "utils": "utils"
      }
    },
    "rust-analyzer-src": {
      "flake": false,
      "locked": {
        "lastModified": 1680884353,
        "narHash": "sha256-efcZC+/FH3ZXMgDL3K5RIzKeD0Ow1ci096cXkTsP8SQ=",
        "owner": "rust-lang",
        "repo": "rust-analyzer",
        "rev": "01120f1213ad928de7300a8acf9f41bed72d0422",
        "type": "github"
      },
      "original": {
        "owner": "rust-lang",
        "ref": "nightly",
        "repo": "rust-analyzer",
        "type": "github"
      }
    },
    "utils": {
      "locked": {
        "lastModified": 1680946745,
        "narHash": "sha256-KqGlwg9UTDsFBZZB8wzXgMnc8XQm95LtSbFvBsnqkPI=",
        "owner": "numtide",
        "repo": "flake-utils",
        "rev": "946da791763db1c306b86a8bd3828bf5814a1247",
        "type": "github"
      },
      "original": {
        "owner": "numtide",
        "repo": "flake-utils",
        "type": "github"
      }
    }
  },
  "root": "root",
  "version": 7
}
